
Microsoft Visual Studio Solution File, Format Version 12.00
# Visual Studio Version 16
VisualStudioVersion = 16.0.29926.136
MinimumVisualStudioVersion = 10.0.40219.1
Project("{9A19103F-16F7-4668-BE54-9A1E7A4F7556}") = "MvcFaceitAPI", "MvcFaceitAPI\MvcFaceitAPI.csproj", "{67B775F5-0296-4821-A7FF-2DBA7176EFB7}"
EndProject
Global
	GlobalSection(SolutionConfigurationPlatforms) = preSolution
		Debug|Any CPU = Debug|Any CPU
		Release|Any CPU = Release|Any CPU
	EndGlobalSection
	GlobalSection(ProjectConfigurationPlatforms) = postSolution
		{67B775F5-0296-4821-A7FF-2DBA7176EFB7}.Debug|Any CPU.ActiveCfg = Debug|Any CPU
		{67B775F5-0296-4821-A7FF-2DBA7176EFB7}.Debug|Any CPU.Build.0 = Debug|Any CPU
		{67B775F5-0296-4821-A7FF-2DBA7176EFB7}.Release|Any CPU.ActiveCfg = Release|Any CPU
		{67B775F5-0296-4821-A7FF-2DBA7176EFB7}.Release|Any CPU.Build.0 = Release|Any CPU
	EndGlobalSection
	GlobalSection(SolutionProperties) = preSolution
		HideSolutionNode = FALSE
	EndGlobalSection
	GlobalSection(ExtensibilityGlobals) = postSolution
		SolutionGuid = {454DB99B-014B-4352-8277-9AD5969A4A88}
	EndGlobalSection
EndGlobal
